
Microsoft Visual Studio Solution File, Format Version 12.00
# Visual Studio Version 17
VisualStudioVersion = 17.7.34031.279
MinimumVisualStudioVersion = 10.0.40219.1
Project("{888888A0-9F3D-457C-B088-3A5042F75D52}") = "Suma Recursiva Python", "Suma Recursiva Python\Suma Recursiva Python.pyproj", "{9274B9DF-9181-4732-AFC4-254B18E4C7DA}"
EndProject
Global
	GlobalSection(SolutionConfigurationPlatforms) = preSolution
		Debug|Any CPU = Debug|Any CPU
		Release|Any CPU = Release|Any CPU
	EndGlobalSection
	GlobalSection(ProjectConfigurationPlatforms) = postSolution
		{9274B9DF-9181-4732-AFC4-254B18E4C7DA}.Debug|Any CPU.ActiveCfg = Debug|Any CPU
		{9274B9DF-9181-4732-AFC4-254B18E4C7DA}.Release|Any CPU.ActiveCfg = Release|Any CPU
	EndGlobalSection
	GlobalSection(SolutionProperties) = preSolution
		HideSolutionNode = FALSE
	EndGlobalSection
	GlobalSection(ExtensibilityGlobals) = postSolution
		SolutionGuid = {17ADAD02-B99A-43F5-8B6F-50092EA931A1}
	EndGlobalSection
EndGlobal
